// !$*UTF8*$!
{
	archiveVersion = 1;
	classes = {
	};
	objectVersion = 56;
	objects = {

/* Begin PBXBuildFile section */
		BD37D6092C512C8400EA8F5D /* profileAppApp.swift in Sources */ = {isa = PBXBuildFile; fileRef = BD37D6082C512C8400EA8F5D /* profileAppApp.swift */; };
		BD37D60B2C512C8400EA8F5D /* ContentView.swift in Sources */ = {isa = PBXBuildFile; fileRef = BD37D60A2C512C8400EA8F5D /* ContentView.swift */; };
		BD37D60D2C512C8600EA8F5D /* Assets.xcassets in Resources */ = {isa = PBXBuildFile; fileRef = BD37D60C2C512C8600EA8F5D /* Assets.xcassets */; };
		BD37D6102C512C8600EA8F5D /* Preview Assets.xcassets in Resources */ = {isa = PBXBuildFile; fileRef = BD37D60F2C512C8600EA8F5D /* Preview Assets.xcassets */; };
		BD37D61A2C512C8600EA8F5D /* profileAppTests.swift in Sources */ = {isa = PBXBuildFile; fileRef = BD37D6192C512C8600EA8F5D /* profileAppTests.swift */; };
		BD37D6242C512C8600EA8F5D /* profileAppUITests.swift in Sources */ = {isa = PBXBuildFile; fileRef = BD37D6232C512C8600EA8F5D /* profileAppUITests.swift */; };
		BD37D6262C512C8600EA8F5D /* profileAppUITestsLaunchTests.swift in Sources */ = {isa = PBXBuildFile; fileRef = BD37D6252C512C8600EA8F5D /* profileAppUITestsLaunchTests.swift */; };
/* End PBXBuildFile section */

/* Begin PBXContainerItemProxy section */
		BD37D6162C512C8600EA8F5D /* PBXContainerItemProxy */ = {
			isa = PBXContainerItemProxy;
			containerPortal = BD37D5FD2C512C8400EA8F5D /* Project object */;
			proxyType = 1;
			remoteGlobalIDString = BD37D6042C512C8400EA8F5D;
			remoteInfo = profileApp;
		};
		BD37D6202C512C8600EA8F5D /* PBXContainerItemProxy */ = {
			isa = PBXContainerItemProxy;
			containerPortal = BD37D5FD2C512C8400EA8F5D /* Project object */;
			proxyType = 1;
			remoteGlobalIDString = BD37D6042C512C8400EA8F5D;
			remoteInfo = profileApp;
		};
/* End PBXContainerItemProxy section */

/* Begin PBXFileReference section */
		BD37D6052C512C8400EA8F5D /* profileApp.app */ = {isa = PBXFileReference; explicitFileType = wrapper.application; includeInIndex = 0; path = profileApp.app; sourceTree = BUILT_PRODUCTS_DIR; };
		BD37D6082C512C8400EA8F5D /* profileAppApp.swift */ = {isa = PBXFileReference; lastKnownFileType = sourcecode.swift; path = profileAppApp.swift; sourceTree = "<group>"; };
		BD37D60A2C512C8400EA8F5D /* ContentView.swift */ = {isa = PBXFileReference; lastKnownFileType = sourcecode.swift; path = ContentView.swift; sourceTree = "<group>"; };
		BD37D60C2C512C8600EA8F5D /* Assets.xcassets */ = {isa = PBXFileReference; lastKnownFileType = folder.assetcatalog; path = Assets.xcassets; sourceTree = "<group>"; };
		BD37D60F2C512C8600EA8F5D /* Preview Assets.xcassets */ = {isa = PBXFileReference; lastKnownFileType = folder.assetcatalog; path = "Preview Assets.xcassets"; sourceTree = "<group>"; };
		BD37D6152C512C8600EA8F5D /* profileAppTests.xctest */ = {isa = PBXFileReference; explicitFileType = wrapper.cfbundle; includeInIndex = 0; path = profileAppTests.xctest; sourceTree = BUILT_PRODUCTS_DIR; };
		BD37D6192C512C8600EA8F5D /* profileAppTests.swift */ = {isa = PBXFileReference; lastKnownFileType = sourcecode.swift; path = profileAppTests.swift; sourceTree = "<group>"; };
		BD37D61F2C512C8600EA8F5D /* profileAppUITests.xctest */ = {isa = PBXFileReference; explicitFileType = wrapper.cfbundle; includeInIndex = 0; path = profileAppUITests.xctest; sourceTree = BUILT_PRODUCTS_DIR; };
		BD37D6232C512C8600EA8F5D /* profileAppUITests.swift */ = {isa = PBXFileReference; lastKnownFileType = sourcecode.swift; path = profileAppUITests.swift; sourceTree = "<group>"; };
		BD37D6252C512C8600EA8F5D /* profileAppUITestsLaunchTests.swift */ = {isa = PBXFileReference; lastKnownFileType = sourcecode.swift; path = profileAppUITestsLaunchTests.swift; sourceTree = "<group>"; };
/* End PBXFileReference section */

/* Begin PBXFrameworksBuildPhase section */
		BD37D6022C512C8400EA8F5D /* Frameworks */ = {
			isa = PBXFrameworksBuildPhase;
			buildActionMask = 2147483647;
			files = (
			);
			runOnlyForDeploymentPostprocessing = 0;
		};
		BD37D6122C512C8600EA8F5D /* Frameworks */ = {
			isa = PBXFrameworksBuildPhase;
			buildActionMask = 2147483647;
			files = (
			);
			runOnlyForDeploymentPostprocessing = 0;
		};
		BD37D61C2C512C8600EA8F5D /* Frameworks */ = {
			isa = PBXFrameworksBuildPhase;
			buildActionMask = 2147483647;
			files = (
			);
			runOnlyForDeploymentPostprocessing = 0;
		};
/* End PBXFrameworksBuildPhase section */

/* Begin PBXGroup section */
		BD37D5FC2C512C8400EA8F5D = {
			isa = PBXGroup;
			children = (
				BD37D6072C512C8400EA8F5D /* profileApp */,
				BD37D6182C512C8600EA8F5D /* profileAppTests */,
				BD37D6222C512C8600EA8F5D /* profileAppUITests */,
				BD37D6062C512C8400EA8F5D /* Products */,
			);
			sourceTree = "<group>";
		};
		BD37D6062C512C8400EA8F5D /* Products */ = {
			isa = PBXGroup;
			children = (
				BD37D6052C512C8400EA8F5D /* profileApp.app */,
				BD37D6152C512C8600EA8F5D /* profileAppTests.xctest */,
				BD37D61F2C512C8600EA8F5D /* profileAppUITests.xctest */,
			);
			name = Products;
			sourceTree = "<group>";
		};
		BD37D6072C512C8400EA8F5D /* profileApp */ = {
			isa = PBXGroup;
			children = (
				BD37D6082C512C8400EA8F5D /* profileAppApp.swift */,
				BD37D60A2C512C8400EA8F5D /* ContentView.swift */,
				BD37D60C2C512C8600EA8F5D /* Assets.xcassets */,
				BD37D60E2C512C8600EA8F5D /* Preview Content */,
			);
			path = profileApp;
			sourceTree = "<group>";
		};
		BD37D60E2C512C8600EA8F5D /* Preview Content */ = {
			isa = PBXGroup;
			children = (
				BD37D60F2C512C8600EA8F5D /* Preview Assets.xcassets */,
			);
			path = "Preview Content";
			sourceTree = "<group>";
		};
		BD37D6182C512C8600EA8F5D /* profileAppTests */ = {
			isa = PBXGroup;
			children = (
				BD37D6192C512C8600EA8F5D /* profileAppTests.swift */,
			);
			path = profileAppTests;
			sourceTree = "<group>";
		};
		BD37D6222C512C8600EA8F5D /* profileAppUITests */ = {
			isa = PBXGroup;
			children = (
				BD37D6232C512C8600EA8F5D /* profileAppUITests.swift */,
				BD37D6252C512C8600EA8F5D /* profileAppUITestsLaunchTests.swift */,
			);
			path = profileAppUITests;
			sourceTree = "<group>";
		};
/* End PBXGroup section */

/* Begin PBXNativeTarget section */
		BD37D6042C512C8400EA8F5D /* profileApp */ = {
			isa = PBXNativeTarget;
			buildConfigurationList = BD37D6292C512C8600EA8F5D /* Build configuration list for PBXNativeTarget "profileApp" */;
			buildPhases = (
				BD37D6012C512C8400EA8F5D /* Sources */,
				BD37D6022C512C8400EA8F5D /* Frameworks */,
				BD37D6032C512C8400EA8F5D /* Resources */,
			);
			buildRules = (
			);
			dependencies = (
			);
			name = profileApp;
			productName = profileApp;
			productReference = BD37D6052C512C8400EA8F5D /* profileApp.app */;
			productType = "com.apple.product-type.application";
		};
		BD37D6142C512C8600EA8F5D /* profileAppTests */ = {
			isa = PBXNativeTarget;
			buildConfigurationList = BD37D62C2C512C8600EA8F5D /* Build configuration list for PBXNativeTarget "profileAppTests" */;
			buildPhases = (
				BD37D6112C512C8600EA8F5D /* Sources */,
				BD37D6122C512C8600EA8F5D /* Frameworks */,
				BD37D6132C512C8600EA8F5D /* Resources */,
			);
			buildRules = (
			);
			dependencies = (
				BD37D6172C512C8600EA8F5D /* PBXTargetDependency */,
			);
			name = profileAppTests;
			productName = profileAppTests;
			productReference = BD37D6152C512C8600EA8F5D /* profileAppTests.xctest */;
			productType = "com.apple.product-type.bundle.unit-test";
		};
		BD37D61E2C512C8600EA8F5D /* profileAppUITests */ = {
			isa = PBXNativeTarget;
			buildConfigurationList = BD37D62F2C512C8600EA8F5D /* Build configuration list for PBXNativeTarget "profileAppUITests" */;
			buildPhases = (
				BD37D61B2C512C8600EA8F5D /* Sources */,
				BD37D61C2C512C8600EA8F5D /* Frameworks */,
				BD37D61D2C512C8600EA8F5D /* Resources */,
			);
			buildRules = (
			);
			dependencies = (
				BD37D6212C512C8600EA8F5D /* PBXTargetDependency */,
			);
			name = profileAppUITests;
			productName = profileAppUITests;
			productReference = BD37D61F2C512C8600EA8F5D /* profileAppUITests.xctest */;
			productType = "com.apple.product-type.bundle.ui-testing";
		};
/* End PBXNativeTarget section */

/* Begin PBXProject section */
		BD37D5FD2C512C8400EA8F5D /* Project object */ = {
			isa = PBXProject;
			attributes = {
				BuildIndependentTargetsInParallel = 1;
				LastSwiftUpdateCheck = 1540;
				LastUpgradeCheck = 1540;
				TargetAttributes = {
					BD37D6042C512C8400EA8F5D = {
						CreatedOnToolsVersion = 15.4;
					};
					BD37D6142C512C8600EA8F5D = {
						CreatedOnToolsVersion = 15.4;
						TestTargetID = BD37D6042C512C8400EA8F5D;
					};
					BD37D61E2C512C8600EA8F5D = {
						CreatedOnToolsVersion = 15.4;
						TestTargetID = BD37D6042C512C8400EA8F5D;
					};
				};
			};
			buildConfigurationList = BD37D6002C512C8400EA8F5D /* Build configuration list for PBXProject "profileApp" */;
			compatibilityVersion = "Xcode 14.0";
			developmentRegion = en;
			hasScannedForEncodings = 0;
			knownRegions = (
				en,
				Base,
			);
			mainGroup = BD37D5FC2C512C8400EA8F5D;
			productRefGroup = BD37D6062C512C8400EA8F5D /* Products */;
			projectDirPath = "";
			projectRoot = "";
			targets = (
				BD37D6042C512C8400EA8F5D /* profileApp */,
				BD37D6142C512C8600EA8F5D /* profileAppTests */,
				BD37D61E2C512C8600EA8F5D /* profileAppUITests */,
			);
		};
/* End PBXProject section */

/* Begin PBXResourcesBuildPhase section */
		BD37D6032C512C8400EA8F5D /* Resources */ = {
			isa = PBXResourcesBuildPhase;
			buildActionMask = 2147483647;
			files = (
				BD37D6102C512C8600EA8F5D /* Preview Assets.xcassets in Resources */,
				BD37D60D2C512C8600EA8F5D /* Assets.xcassets in Resources */,
			);
			runOnlyForDeploymentPostprocessing = 0;
		};
		BD37D6132C512C8600EA8F5D /* Resources */ = {
			isa = PBXResourcesBuildPhase;
			buildActionMask = 2147483647;
			files = (
			);
			runOnlyForDeploymentPostprocessing = 0;
		};
		BD37D61D2C512C8600EA8F5D /* Resources */ = {
			isa = PBXResourcesBuildPhase;
			buildActionMask = 2147483647;
			files = (
			);
			runOnlyForDeploymentPostprocessing = 0;
		};
/* End PBXResourcesBuildPhase section */

/* Begin PBXSourcesBuildPhase section */
		BD37D6012C512C8400EA8F5D /* Sources */ = {
			isa = PBXSourcesBuildPhase;
			buildActionMask = 2147483647;
			files = (
				BD37D60B2C512C8400EA8F5D /* ContentView.swift in Sources */,
				BD37D6092C512C8400EA8F5D /* profileAppApp.swift in Sources */,
			);
			runOnlyForDeploymentPostprocessing = 0;
		};
		BD37D6112C512C8600EA8F5D /* Sources */ = {
			isa = PBXSourcesBuildPhase;
			buildActionMask = 2147483647;
			files = (
				BD37D61A2C512C8600EA8F5D /* profileAppTests.swift in Sources */,
			);
			runOnlyForDeploymentPostprocessing = 0;
		};
		BD37D61B2C512C8600EA8F5D /* Sources */ = {
			isa = PBXSourcesBuildPhase;
			buildActionMask = 2147483647;
			files = (
				BD37D6262C512C8600EA8F5D /* profileAppUITestsLaunchTests.swift in Sources */,
				BD37D6242C512C8600EA8F5D /* profileAppUITests.swift in Sources */,
			);
			runOnlyForDeploymentPostprocessing = 0;
		};
/* End PBXSourcesBuildPhase section */

/* Begin PBXTargetDependency section */
		BD37D6172C512C8600EA8F5D /* PBXTargetDependency */ = {
			isa = PBXTargetDependency;
			target = BD37D6042C512C8400EA8F5D /* profileApp */;
			targetProxy = BD37D6162C512C8600EA8F5D /* PBXContainerItemProxy */;
		};
		BD37D6212C512C8600EA8F5D /* PBXTargetDependency */ = {
			isa = PBXTargetDependency;
			target = BD37D6042C512C8400EA8F5D /* profileApp */;
			targetProxy = BD37D6202C512C8600EA8F5D /* PBXContainerItemProxy */;
		};
/* End PBXTargetDependency section */

/* Begin XCBuildConfiguration section */
		BD37D6272C512C8600EA8F5D /* Debug */ = {
			isa = XCBuildConfiguration;
			buildSettings = {
				ALWAYS_SEARCH_USER_PATHS = NO;
				ASSETCATALOG_COMPILER_GENERATE_SWIFT_ASSET_SYMBOL_EXTENSIONS = YES;
				CLANG_ANALYZER_NONNULL = YES;
				CLANG_ANALYZER_NUMBER_OBJECT_CONVERSION = YES_AGGRESSIVE;
				CLANG_CXX_LANGUAGE_STANDARD = "gnu++20";
				CLANG_ENABLE_MODULES = YES;
				CLANG_ENABLE_OBJC_ARC = YES;
				CLANG_ENABLE_OBJC_WEAK = YES;
				CLANG_WARN_BLOCK_CAPTURE_AUTORELEASING = YES;
				CLANG_WARN_BOOL_CONVERSION = YES;
				CLANG_WARN_COMMA = YES;
				CLANG_WARN_CONSTANT_CONVERSION = YES;
				CLANG_WARN_DEPRECATED_OBJC_IMPLEMENTATIONS = YES;
				CLANG_WARN_DIRECT_OBJC_ISA_USAGE = YES_ERROR;
				CLANG_WARN_DOCUMENTATION_COMMENTS = YES;
				CLANG_WARN_EMPTY_BODY = YES;
				CLANG_WARN_ENUM_CONVERSION = YES;
				CLANG_WARN_INFINITE_RECURSION = YES;
				CLANG_WARN_INT_CONVERSION = YES;
				CLANG_WARN_NON_LITERAL_NULL_CONVERSION = YES;
				CLANG_WARN_OBJC_IMPLICIT_RETAIN_SELF = YES;
				CLANG_WARN_OBJC_LITERAL_CONVERSION = YES;
				CLANG_WARN_OBJC_ROOT_CLASS = YES_ERROR;
				CLANG_WARN_QUOTED_INCLUDE_IN_FRAMEWORK_HEADER = YES;
				CLANG_WARN_RANGE_LOOP_ANALYSIS = YES;
				CLANG_WARN_STRICT_PROTOTYPES = YES;
				CLANG_WARN_SUSPICIOUS_MOVE = YES;
				CLANG_WARN_UNGUARDED_AVAILABILITY = YES_AGGRESSIVE;
				CLANG_WARN_UNREACHABLE_CODE = YES;
				CLANG_WARN__DUPLICATE_METHOD_MATCH = YES;
				COPY_PHASE_STRIP = NO;
				DEBUG_INFORMATION_FORMAT = dwarf;
				ENABLE_STRICT_OBJC_MSGSEND = YES;
				ENABLE_TESTABILITY = YES;
				ENABLE_USER_SCRIPT_SANDBOXING = YES;
				GCC_C_LANGUAGE_STANDARD = gnu17;
				GCC_DYNAMIC_NO_PIC = NO;
				GCC_NO_COMMON_BLOCKS = YES;
				GCC_OPTIMIZATION_LEVEL = 0;
				GCC_PREPROCESSOR_DEFINITIONS = (
					"DEBUG=1",
					"$(inherited)",
				);
				GCC_WARN_64_TO_32_BIT_CONVERSION = YES;
				GCC_WARN_ABOUT_RETURN_TYPE = YES_ERROR;
				GCC_WARN_UNDECLARED_SELECTOR = YES;
				GCC_WARN_UNINITIALIZED_AUTOS = YES_AGGRESSIVE;
				GCC_WARN_UNUSED_FUNCTION = YES;
				GCC_WARN_UNUSED_VARIABLE = YES;
				IPHONEOS_DEPLOYMENT_TARGET = 17.5;
				LOCALIZATION_PREFERS_STRING_CATALOGS = YES;
				MTL_ENABLE_DEBUG_INFO = INCLUDE_SOURCE;
				MTL_FAST_MATH = YES;
				ONLY_ACTIVE_ARCH = YES;
				SDKROOT = iphoneos;
				SWIFT_ACTIVE_COMPILATION_CONDITIONS = "DEBUG $(inherited)";
				SWIFT_OPTIMIZATION_LEVEL = "-Onone";
			};
			name = Debug;
		};
		BD37D6282C512C8600EA8F5D /* Release */ = {
			isa = XCBuildConfiguration;
			buildSettings = {
				ALWAYS_SEARCH_USER_PATHS = NO;
				ASSETCATALOG_COMPILER_GENERATE_SWIFT_ASSET_SYMBOL_EXTENSIONS = YES;
				CLANG_ANALYZER_NONNULL = YES;
				CLANG_ANALYZER_NUMBER_OBJECT_CONVERSION = YES_AGGRESSIVE;
				CLANG_CXX_LANGUAGE_STANDARD = "gnu++20";
				CLANG_ENABLE_MODULES = YES;
				CLANG_ENABLE_OBJC_ARC = YES;
				CLANG_ENABLE_OBJC_WEAK = YES;
				CLANG_WARN_BLOCK_CAPTURE_AUTORELEASING = YES;
				CLANG_WARN_BOOL_CONVERSION = YES;
				CLANG_WARN_COMMA = YES;
				CLANG_WARN_CONSTANT_CONVERSION = YES;
				CLANG_WARN_DEPRECATED_OBJC_IMPLEMENTATIONS = YES;
				CLANG_WARN_DIRECT_OBJC_ISA_USAGE = YES_ERROR;
				CLANG_WARN_DOCUMENTATION_COMMENTS = YES;
				CLANG_WARN_EMPTY_BODY = YES;
				CLANG_WARN_ENUM_CONVERSION = YES;
				CLANG_WARN_INFINITE_RECURSION = YES;
				CLANG_WARN_INT_CONVERSION = YES;
				CLANG_WARN_NON_LITERAL_NULL_CONVERSION = YES;
				CLANG_WARN_OBJC_IMPLICIT_RETAIN_SELF = YES;
				CLANG_WARN_OBJC_LITERAL_CONVERSION = YES;
				CLANG_WARN_OBJC_ROOT_CLASS = YES_ERROR;
				CLANG_WARN_QUOTED_INCLUDE_IN_FRAMEWORK_HEADER = YES;
				CLANG_WARN_RANGE_LOOP_ANALYSIS = YES;
				CLANG_WARN_STRICT_PROTOTYPES = YES;
				CLANG_WARN_SUSPICIOUS_MOVE = YES;
				CLANG_WARN_UNGUARDED_AVAILABILITY = YES_AGGRESSIVE;
				CLANG_WARN_UNREACHABLE_CODE = YES;
				CLANG_WARN__DUPLICATE_METHOD_MATCH = YES;
				COPY_PHASE_STRIP = NO;
				DEBUG_INFORMATION_FORMAT = "dwarf-with-dsym";
				ENABLE_NS_ASSERTIONS = NO;
				ENABLE_STRICT_OBJC_MSGSEND = YES;
				ENABLE_USER_SCRIPT_SANDBOXING = YES;
				GCC_C_LANGUAGE_STANDARD = gnu17;
				GCC_NO_COMMON_BLOCKS = YES;
				GCC_WARN_64_TO_32_BIT_CONVERSION = YES;
				GCC_WARN_ABOUT_RETURN_TYPE = YES_ERROR;
				GCC_WARN_UNDECLARED_SELECTOR = YES;
				GCC_WARN_UNINITIALIZED_AUTOS = YES_AGGRESSIVE;
				GCC_WARN_UNUSED_FUNCTION = YES;
				GCC_WARN_UNUSED_VARIABLE = YES;
				IPHONEOS_DEPLOYMENT_TARGET = 17.5;
				LOCALIZATION_PREFERS_STRING_CATALOGS = YES;
				MTL_ENABLE_DEBUG_INFO = NO;
				MTL_FAST_MATH = YES;
				SDKROOT = iphoneos;
				SWIFT_COMPILATION_MODE = wholemodule;
				VALIDATE_PRODUCT = YES;
			};
			name = Release;
		};
		BD37D62A2C512C8600EA8F5D /* Debug */ = {
			isa = XCBuildConfiguration;
			buildSettings = {
				ASSETCATALOG_COMPILER_APPICON_NAME = AppIcon;
				ASSETCATALOG_COMPILER_GLOBAL_ACCENT_COLOR_NAME = AccentColor;
				CODE_SIGN_STYLE = Automatic;
				CURRENT_PROJECT_VERSION = 1;
				DEVELOPMENT_ASSET_PATHS = "\"profileApp/Preview Content\"";
				ENABLE_PREVIEWS = YES;
				GENERATE_INFOPLIST_FILE = YES;
				INFOPLIST_KEY_UIApplicationSceneManifest_Generation = YES;
				INFOPLIST_KEY_UIApplicationSupportsIndirectInputEvents = YES;
				INFOPLIST_KEY_UILaunchScreen_Generation = YES;
				INFOPLIST_KEY_UISupportedInterfaceOrientations_iPad = "UIInterfaceOrientationPortrait UIInterfaceOrientationPortraitUpsideDown UIInterfaceOrientationLandscapeLeft UIInterfaceOrientationLandscapeRight";
				INFOPLIST_KEY_UISupportedInterfaceOrientations_iPhone = "UIInterfaceOrientationPortrait UIInterfaceOrientationLandscapeLeft UIInterfaceOrientationLandscapeRight";
				LD_RUNPATH_SEARCH_PATHS = (
					"$(inherited)",
					"@executable_path/Frameworks",
				);
				MARKETING_VERSION = 1.0;
				PRODUCT_BUNDLE_IDENTIFIER = kwk.profileApp;
				PRODUCT_NAME = "$(TARGET_NAME)";
				SWIFT_EMIT_LOC_STRINGS = YES;
				SWIFT_VERSION = 5.0;
				TARGETED_DEVICE_FAMILY = "1,2";
			};
			name = Debug;
		};
		BD37D62B2C512C8600EA8F5D /* Release */ = {
			isa = XCBuildConfiguration;
			buildSettings = {
				ASSETCATALOG_COMPILER_APPICON_NAME = AppIcon;
				ASSETCATALOG_COMPILER_GLOBAL_ACCENT_COLOR_NAME = AccentColor;
				CODE_SIGN_STYLE = Automatic;
				CURRENT_PROJECT_VERSION = 1;
				DEVELOPMENT_ASSET_PATHS = "\"profileApp/Preview Content\"";
				ENABLE_PREVIEWS = YES;
				GENERATE_INFOPLIST_FILE = YES;
				INFOPLIST_KEY_UIApplicationSceneManifest_Generation = YES;
				INFOPLIST_KEY_UIApplicationSupportsIndirectInputEvents = YES;
				INFOPLIST_KEY_UILaunchScreen_Generation = YES;
				INFOPLIST_KEY_UISupportedInterfaceOrientations_iPad = "UIInterfaceOrientationPortrait UIInterfaceOrientationPortraitUpsideDown UIInterfaceOrientationLandscapeLeft UIInterfaceOrientationLandscapeRight";
				INFOPLIST_KEY_UISupportedInterfaceOrientations_iPhone = "UIInterfaceOrientationPortrait UIInterfaceOrientationLandscapeLeft UIInterfaceOrientationLandscapeRight";
				LD_RUNPATH_SEARCH_PATHS = (
					"$(inherited)",
					"@executable_path/Frameworks",
				);
				MARKETING_VERSION = 1.0;
				PRODUCT_BUNDLE_IDENTIFIER = kwk.profileApp;
				PRODUCT_NAME = "$(TARGET_NAME)";
				SWIFT_EMIT_LOC_STRINGS = YES;
				SWIFT_VERSION = 5.0;
				TARGETED_DEVICE_FAMILY = "1,2";
			};
			name = Release;
		};
		BD37D62D2C512C8600EA8F5D /* Debug */ = {
			isa = XCBuildConfiguration;
			buildSettings = {
				ALWAYS_EMBED_SWIFT_STANDARD_LIBRARIES = YES;
				BUNDLE_LOADER = "$(TEST_HOST)";
				CODE_SIGN_STYLE = Automatic;
				CURRENT_PROJECT_VERSION = 1;
				GENERATE_INFOPLIST_FILE = YES;
				IPHONEOS_DEPLOYMENT_TARGET = 17.5;
				MARKETING_VERSION = 1.0;
				PRODUCT_BUNDLE_IDENTIFIER = kwk.profileAppTests;
				PRODUCT_NAME = "$(TARGET_NAME)";
				SWIFT_EMIT_LOC_STRINGS = NO;
				SWIFT_VERSION = 5.0;
				TARGETED_DEVICE_FAMILY = "1,2";
				TEST_HOST = "$(BUILT_PRODUCTS_DIR)/profileApp.app/$(BUNDLE_EXECUTABLE_FOLDER_PATH)/profileApp";
			};
			name = Debug;
		};
		BD37D62E2C512C8600EA8F5D /* Release */ = {
			isa = XCBuildConfiguration;
			buildSettings = {
				ALWAYS_EMBED_SWIFT_STANDARD_LIBRARIES = YES;
				BUNDLE_LOADER = "$(TEST_HOST)";
				CODE_SIGN_STYLE = Automatic;
				CURRENT_PROJECT_VERSION = 1;
				GENERATE_INFOPLIST_FILE = YES;
				IPHONEOS_DEPLOYMENT_TARGET = 17.5;
				MARKETING_VERSION = 1.0;
				PRODUCT_BUNDLE_IDENTIFIER = kwk.profileAppTests;
				PRODUCT_NAME = "$(TARGET_NAME)";
				SWIFT_EMIT_LOC_STRINGS = NO;
				SWIFT_VERSION = 5.0;
				TARGETED_DEVICE_FAMILY = "1,2";
				TEST_HOST = "$(BUILT_PRODUCTS_DIR)/profileApp.app/$(BUNDLE_EXECUTABLE_FOLDER_PATH)/profileApp";
			};
			name = Release;
		};
		BD37D6302C512C8600EA8F5D /* Debug */ = {
			isa = XCBuildConfiguration;
			buildSettings = {
				ALWAYS_EMBED_SWIFT_STANDARD_LIBRARIES = YES;
				CODE_SIGN_STYLE = Automatic;
				CURRENT_PROJECT_VERSION = 1;
				GENERATE_INFOPLIST_FILE = YES;
				MARKETING_VERSION = 1.0;
				PRODUCT_BUNDLE_IDENTIFIER = kwk.profileAppUITests;
				PRODUCT_NAME = "$(TARGET_NAME)";
				SWIFT_EMIT_LOC_STRINGS = NO;
				SWIFT_VERSION = 5.0;
				TARGETED_DEVICE_FAMILY = "1,2";
				TEST_TARGET_NAME = profileApp;
			};
			name = Debug;
		};
		BD37D6312C512C8600EA8F5D /* Release */ = {
			isa = XCBuildConfiguration;
			buildSettings = {
				ALWAYS_EMBED_SWIFT_STANDARD_LIBRARIES = YES;
				CODE_SIGN_STYLE = Automatic;
				CURRENT_PROJECT_VERSION = 1;
				GENERATE_INFOPLIST_FILE = YES;
				MARKETING_VERSION = 1.0;
				PRODUCT_BUNDLE_IDENTIFIER = kwk.profileAppUITests;
				PRODUCT_NAME = "$(TARGET_NAME)";
				SWIFT_EMIT_LOC_STRINGS = NO;
				SWIFT_VERSION = 5.0;
				TARGETED_DEVICE_FAMILY = "1,2";
				TEST_TARGET_NAME = profileApp;
			};
			name = Release;
		};
/* End XCBuildConfiguration section */

/* Begin XCConfigurationList section */
		BD37D6002C512C8400EA8F5D /* Build configuration list for PBXProject "profileApp" */ = {
			isa = XCConfigurationList;
			buildConfigurations = (
				BD37D6272C512C8600EA8F5D /* Debug */,
				BD37D6282C512C8600EA8F5D /* Release */,
			);
			defaultConfigurationIsVisible = 0;
			defaultConfigurationName = Release;
		};
		BD37D6292C512C8600EA8F5D /* Build configuration list for PBXNativeTarget "profileApp" */ = {
			isa = XCConfigurationList;
			buildConfigurations = (
				BD37D62A2C512C8600EA8F5D /* Debug */,
				BD37D62B2C512C8600EA8F5D /* Release */,
			);
			defaultConfigurationIsVisible = 0;
			defaultConfigurationName = Release;
		};
		BD37D62C2C512C8600EA8F5D /* Build configuration list for PBXNativeTarget "profileAppTests" */ = {
			isa = XCConfigurationList;
			buildConfigurations = (
				BD37D62D2C512C8600EA8F5D /* Debug */,
				BD37D62E2C512C8600EA8F5D /* Release */,
			);
			defaultConfigurationIsVisible = 0;
			defaultConfigurationName = Release;
		};
		BD37D62F2C512C8600EA8F5D /* Build configuration list for PBXNativeTarget "profileAppUITests" */ = {
			isa = XCConfigurationList;
			buildConfigurations = (
				BD37D6302C512C8600EA8F5D /* Debug */,
				BD37D6312C512C8600EA8F5D /* Release */,
			);
			defaultConfigurationIsVisible = 0;
			defaultConfigurationName = Release;
		};
/* End XCConfigurationList section */
	};
	rootObject = BD37D5FD2C512C8400EA8F5D /* Project object */;
}
